// !$*UTF8*$!
{
	archiveVersion = 1;
	classes = {
	};
	objectVersion = 46;
	objects = {

/* Begin PBXBuildFile section */
		F263DECE1A947EF100C7E3C9 /* Mapa.m in Sources */ = {isa = PBXBuildFile; fileRef = F263DECD1A947EF100C7E3C9 /* Mapa.m */; };
		F263DED71A9483BB00C7E3C9 /* Bolts.framework in Frameworks */ = {isa = PBXBuildFile; fileRef = F263DED21A9483BB00C7E3C9 /* Bolts.framework */; };
		F263DED81A9483BB00C7E3C9 /* Parse.framework in Frameworks */ = {isa = PBXBuildFile; fileRef = F263DED31A9483BB00C7E3C9 /* Parse.framework */; };
		F263DED91A9483BB00C7E3C9 /* ParseCrashReporting.framework in Frameworks */ = {isa = PBXBuildFile; fileRef = F263DED41A9483BB00C7E3C9 /* ParseCrashReporting.framework */; };
		F263DEDA1A9483BB00C7E3C9 /* ParseFacebookUtils.framework in Frameworks */ = {isa = PBXBuildFile; fileRef = F263DED51A9483BB00C7E3C9 /* ParseFacebookUtils.framework */; };
		F263DEDB1A9483BB00C7E3C9 /* ParseUI.framework in Frameworks */ = {isa = PBXBuildFile; fileRef = F263DED61A9483BB00C7E3C9 /* ParseUI.framework */; };
		F2E574571A928AFE00D9F917 /* main.m in Sources */ = {isa = PBXBuildFile; fileRef = F2E574561A928AFE00D9F917 /* main.m */; };
		F2E5745A1A928AFE00D9F917 /* AppDelegate.m in Sources */ = {isa = PBXBuildFile; fileRef = F2E574591A928AFE00D9F917 /* AppDelegate.m */; };
		F2E5745D1A928AFE00D9F917 /* Home.m in Sources */ = {isa = PBXBuildFile; fileRef = F2E5745C1A928AFE00D9F917 /* Home.m */; };
		F2E574601A928AFE00D9F917 /* Main.storyboard in Resources */ = {isa = PBXBuildFile; fileRef = F2E5745E1A928AFE00D9F917 /* Main.storyboard */; };
		F2E574621A928AFE00D9F917 /* Images.xcassets in Resources */ = {isa = PBXBuildFile; fileRef = F2E574611A928AFE00D9F917 /* Images.xcassets */; };
		F2E574651A928AFE00D9F917 /* LaunchScreen.xib in Resources */ = {isa = PBXBuildFile; fileRef = F2E574631A928AFE00D9F917 /* LaunchScreen.xib */; };
		F2E574711A928AFE00D9F917 /* appDrinksTests.m in Sources */ = {isa = PBXBuildFile; fileRef = F2E574701A928AFE00D9F917 /* appDrinksTests.m */; };
		F2E5747D1A928B8F00D9F917 /* SWRevealViewController.m in Sources */ = {isa = PBXBuildFile; fileRef = F2E5747C1A928B8F00D9F917 /* SWRevealViewController.m */; };
		F2E574801A929C3300D9F917 /* MenuViewController.m in Sources */ = {isa = PBXBuildFile; fileRef = F2E5747F1A929C3300D9F917 /* MenuViewController.m */; };
		F2E574851A92AD5F00D9F917 /* list.png in Resources */ = {isa = PBXBuildFile; fileRef = F2E574821A92AD5F00D9F917 /* list.png */; };
		F2E574861A92AD5F00D9F917 /* map.png in Resources */ = {isa = PBXBuildFile; fileRef = F2E574831A92AD5F00D9F917 /* map.png */; };
		F2E574871A92AD5F00D9F917 /* profile.png in Resources */ = {isa = PBXBuildFile; fileRef = F2E574841A92AD5F00D9F917 /* profile.png */; };
		F2EC77121A947D5600BE6545 /* MapViewController.m in Sources */ = {isa = PBXBuildFile; fileRef = F2EC77111A947D5600BE6545 /* MapViewController.m */; };
/* End PBXBuildFile section */

/* Begin PBXContainerItemProxy section */
		F2E5746B1A928AFE00D9F917 /* PBXContainerItemProxy */ = {
			isa = PBXContainerItemProxy;
			containerPortal = F2E574491A928AFE00D9F917 /* Project object */;
			proxyType = 1;
			remoteGlobalIDString = F2E574501A928AFE00D9F917;
			remoteInfo = appDrinks;
		};
/* End PBXContainerItemProxy section */

/* Begin PBXFileReference section */
		F263DECC1A947EF100C7E3C9 /* Mapa.h */ = {isa = PBXFileReference; fileEncoding = 4; lastKnownFileType = sourcecode.c.h; path = Mapa.h; sourceTree = "<group>"; };
		F263DECD1A947EF100C7E3C9 /* Mapa.m */ = {isa = PBXFileReference; fileEncoding = 4; lastKnownFileType = sourcecode.c.objc; path = Mapa.m; sourceTree = "<group>"; };
		F263DED21A9483BB00C7E3C9 /* Bolts.framework */ = {isa = PBXFileReference; lastKnownFileType = wrapper.framework; path = Bolts.framework; sourceTree = "<group>"; };
		F263DED31A9483BB00C7E3C9 /* Parse.framework */ = {isa = PBXFileReference; lastKnownFileType = wrapper.framework; path = Parse.framework; sourceTree = "<group>"; };
		F263DED41A9483BB00C7E3C9 /* ParseCrashReporting.framework */ = {isa = PBXFileReference; lastKnownFileType = wrapper.framework; path = ParseCrashReporting.framework; sourceTree = "<group>"; };
		F263DED51A9483BB00C7E3C9 /* ParseFacebookUtils.framework */ = {isa = PBXFileReference; lastKnownFileType = wrapper.framework; path = ParseFacebookUtils.framework; sourceTree = "<group>"; };
		F263DED61A9483BB00C7E3C9 /* ParseUI.framework */ = {isa = PBXFileReference; lastKnownFileType = wrapper.framework; path = ParseUI.framework; sourceTree = "<group>"; };
		F2E574511A928AFE00D9F917 /* appDrinks.app */ = {isa = PBXFileReference; explicitFileType = wrapper.application; includeInIndex = 0; path = appDrinks.app; sourceTree = BUILT_PRODUCTS_DIR; };
		F2E574551A928AFE00D9F917 /* Info.plist */ = {isa = PBXFileReference; lastKnownFileType = text.plist.xml; path = Info.plist; sourceTree = "<group>"; };
		F2E574561A928AFE00D9F917 /* main.m */ = {isa = PBXFileReference; lastKnownFileType = sourcecode.c.objc; path = main.m; sourceTree = "<group>"; };
		F2E574581A928AFE00D9F917 /* AppDelegate.h */ = {isa = PBXFileReference; lastKnownFileType = sourcecode.c.h; path = AppDelegate.h; sourceTree = "<group>"; };
		F2E574591A928AFE00D9F917 /* AppDelegate.m */ = {isa = PBXFileReference; lastKnownFileType = sourcecode.c.objc; path = AppDelegate.m; sourceTree = "<group>"; };
		F2E5745B1A928AFE00D9F917 /* Home.h */ = {isa = PBXFileReference; lastKnownFileType = sourcecode.c.h; path = Home.h; sourceTree = "<group>"; };
		F2E5745C1A928AFE00D9F917 /* Home.m */ = {isa = PBXFileReference; lastKnownFileType = sourcecode.c.objc; path = Home.m; sourceTree = "<group>"; };
		F2E5745F1A928AFE00D9F917 /* Base */ = {isa = PBXFileReference; lastKnownFileType = file.storyboard; name = Base; path = Base.lproj/Main.storyboard; sourceTree = "<group>"; };
		F2E574611A928AFE00D9F917 /* Images.xcassets */ = {isa = PBXFileReference; lastKnownFileType = folder.assetcatalog; path = Images.xcassets; sourceTree = "<group>"; };
		F2E574641A928AFE00D9F917 /* Base */ = {isa = PBXFileReference; lastKnownFileType = file.xib; name = Base; path = Base.lproj/LaunchScreen.xib; sourceTree = "<group>"; };
		F2E5746A1A928AFE00D9F917 /* appDrinksTests.xctest */ = {isa = PBXFileReference; explicitFileType = wrapper.cfbundle; includeInIndex = 0; path = appDrinksTests.xctest; sourceTree = BUILT_PRODUCTS_DIR; };
		F2E5746F1A928AFE00D9F917 /* Info.plist */ = {isa = PBXFileReference; lastKnownFileType = text.plist.xml; path = Info.plist; sourceTree = "<group>"; };
		F2E574701A928AFE00D9F917 /* appDrinksTests.m */ = {isa = PBXFileReference; lastKnownFileType = sourcecode.c.objc; path = appDrinksTests.m; sourceTree = "<group>"; };
		F2E5747B1A928B8F00D9F917 /* SWRevealViewController.h */ = {isa = PBXFileReference; fileEncoding = 4; lastKnownFileType = sourcecode.c.h; path = SWRevealViewController.h; sourceTree = "<group>"; };
		F2E5747C1A928B8F00D9F917 /* SWRevealViewController.m */ = {isa = PBXFileReference; fileEncoding = 4; lastKnownFileType = sourcecode.c.objc; path = SWRevealViewController.m; sourceTree = "<group>"; };
		F2E5747E1A929C3300D9F917 /* MenuViewController.h */ = {isa = PBXFileReference; fileEncoding = 4; lastKnownFileType = sourcecode.c.h; path = MenuViewController.h; sourceTree = "<group>"; };
		F2E5747F1A929C3300D9F917 /* MenuViewController.m */ = {isa = PBXFileReference; fileEncoding = 4; lastKnownFileType = sourcecode.c.objc; path = MenuViewController.m; sourceTree = "<group>"; };
		F2E574821A92AD5F00D9F917 /* list.png */ = {isa = PBXFileReference; lastKnownFileType = image.png; path = list.png; sourceTree = "<group>"; };
		F2E574831A92AD5F00D9F917 /* map.png */ = {isa = PBXFileReference; lastKnownFileType = image.png; path = map.png; sourceTree = "<group>"; };
		F2E574841A92AD5F00D9F917 /* profile.png */ = {isa = PBXFileReference; lastKnownFileType = image.png; path = profile.png; sourceTree = "<group>"; };
		F2EC77101A947D5600BE6545 /* MapViewController.h */ = {isa = PBXFileReference; fileEncoding = 4; lastKnownFileType = sourcecode.c.h; name = MapViewController.h; path = ../../../../../../Documents/MapViewController.h; sourceTree = "<group>"; };
		F2EC77111A947D5600BE6545 /* MapViewController.m */ = {isa = PBXFileReference; fileEncoding = 4; lastKnownFileType = sourcecode.c.objc; name = MapViewController.m; path = ../../../../../../Documents/MapViewController.m; sourceTree = "<group>"; };
/* End PBXFileReference section */

/* Begin PBXFrameworksBuildPhase section */
		F2E5744E1A928AFE00D9F917 /* Frameworks */ = {
			isa = PBXFrameworksBuildPhase;
			buildActionMask = 2147483647;
			files = (
				F263DED81A9483BB00C7E3C9 /* Parse.framework in Frameworks */,
				F263DED91A9483BB00C7E3C9 /* ParseCrashReporting.framework in Frameworks */,
				F263DEDB1A9483BB00C7E3C9 /* ParseUI.framework in Frameworks */,
				F263DEDA1A9483BB00C7E3C9 /* ParseFacebookUtils.framework in Frameworks */,
				F263DED71A9483BB00C7E3C9 /* Bolts.framework in Frameworks */,
			);
			runOnlyForDeploymentPostprocessing = 0;
		};
		F2E574671A928AFE00D9F917 /* Frameworks */ = {
			isa = PBXFrameworksBuildPhase;
			buildActionMask = 2147483647;
			files = (
			);
			runOnlyForDeploymentPostprocessing = 0;
		};
/* End PBXFrameworksBuildPhase section */

/* Begin PBXGroup section */
		F263DECF1A94831800C7E3C9 /* Menu */ = {
			isa = PBXGroup;
			children = (
				F2E5747E1A929C3300D9F917 /* MenuViewController.h */,
				F2E5747F1A929C3300D9F917 /* MenuViewController.m */,
			);
			name = Menu;
			sourceTree = "<group>";
		};
		F263DED01A9483A500C7E3C9 /* Frameworks */ = {
			isa = PBXGroup;
			children = (
				F263DED11A9483BB00C7E3C9 /* ParseFramework */,
			);
			name = Frameworks;
			sourceTree = "<group>";
		};
		F263DED11A9483BB00C7E3C9 /* ParseFramework */ = {
			isa = PBXGroup;
			children = (
				F263DED21A9483BB00C7E3C9 /* Bolts.framework */,
				F263DED31A9483BB00C7E3C9 /* Parse.framework */,
				F263DED41A9483BB00C7E3C9 /* ParseCrashReporting.framework */,
				F263DED51A9483BB00C7E3C9 /* ParseFacebookUtils.framework */,
				F263DED61A9483BB00C7E3C9 /* ParseUI.framework */,
			);
			path = ParseFramework;
			sourceTree = "<group>";
		};
		F2E574481A928AFE00D9F917 = {
			isa = PBXGroup;
			children = (
				F2E574531A928AFE00D9F917 /* appDrinks */,
				F2E5746D1A928AFE00D9F917 /* appDrinksTests */,
				F2E574521A928AFE00D9F917 /* Products */,
			);
			sourceTree = "<group>";
		};
		F2E574521A928AFE00D9F917 /* Products */ = {
			isa = PBXGroup;
			children = (
				F2E574511A928AFE00D9F917 /* appDrinks.app */,
				F2E5746A1A928AFE00D9F917 /* appDrinksTests.xctest */,
			);
			name = Products;
			sourceTree = "<group>";
		};
		F2E574531A928AFE00D9F917 /* appDrinks */ = {
			isa = PBXGroup;
			children = (
				F263DED01A9483A500C7E3C9 /* Frameworks */,
				F2E574811A92AD5F00D9F917 /* static */,
				F263DECF1A94831800C7E3C9 /* Menu */,
				F2E574581A928AFE00D9F917 /* AppDelegate.h */,
				F2E574591A928AFE00D9F917 /* AppDelegate.m */,
				F2E5745B1A928AFE00D9F917 /* Home.h */,
				F2E5745C1A928AFE00D9F917 /* Home.m */,
				F263DECC1A947EF100C7E3C9 /* Mapa.h */,
				F263DECD1A947EF100C7E3C9 /* Mapa.m */,
				F2E5745E1A928AFE00D9F917 /* Main.storyboard */,
				F2E574611A928AFE00D9F917 /* Images.xcassets */,
				F2E574631A928AFE00D9F917 /* LaunchScreen.xib */,
				F2E574541A928AFE00D9F917 /* Supporting Files */,
			);
			path = appDrinks;
			sourceTree = "<group>";
		};
		F2E574541A928AFE00D9F917 /* Supporting Files */ = {
			isa = PBXGroup;
			children = (
				F2E5747A1A928B8F00D9F917 /* SWRevealViewController */,
				F2E574551A928AFE00D9F917 /* Info.plist */,
				F2E574561A928AFE00D9F917 /* main.m */,
			);
			name = "Supporting Files";
			sourceTree = "<group>";
		};
		F2E5746D1A928AFE00D9F917 /* appDrinksTests */ = {
			isa = PBXGroup;
			children = (
				F2E574701A928AFE00D9F917 /* appDrinksTests.m */,
				F2E5746E1A928AFE00D9F917 /* Supporting Files */,
			);
			path = appDrinksTests;
			sourceTree = "<group>";
		};
		F2E5746E1A928AFE00D9F917 /* Supporting Files */ = {
			isa = PBXGroup;
			children = (
				F2E5746F1A928AFE00D9F917 /* Info.plist */,
			);
			name = "Supporting Files";
			sourceTree = "<group>";
		};
		F2E5747A1A928B8F00D9F917 /* SWRevealViewController */ = {
			isa = PBXGroup;
			children = (
				F2E5747B1A928B8F00D9F917 /* SWRevealViewController.h */,
				F2E5747C1A928B8F00D9F917 /* SWRevealViewController.m */,
			);
			path = SWRevealViewController;
			sourceTree = "<group>";
		};
		F2E574811A92AD5F00D9F917 /* static */ = {
			isa = PBXGroup;
			children = (
				F2E574821A92AD5F00D9F917 /* list.png */,
				F2E574831A92AD5F00D9F917 /* map.png */,
				F2E574841A92AD5F00D9F917 /* profile.png */,
				F2EC77101A947D5600BE6545 /* MapViewController.h */,
				F2EC77111A947D5600BE6545 /* MapViewController.m */,
			);
			path = static;
			sourceTree = "<group>";
		};
/* End PBXGroup section */

/* Begin PBXNativeTarget section */
		F2E574501A928AFE00D9F917 /* appDrinks */ = {
			isa = PBXNativeTarget;
			buildConfigurationList = F2E574741A928AFE00D9F917 /* Build configuration list for PBXNativeTarget "appDrinks" */;
			buildPhases = (
				F2E5744D1A928AFE00D9F917 /* Sources */,
				F2E5744E1A928AFE00D9F917 /* Frameworks */,
				F2E5744F1A928AFE00D9F917 /* Resources */,
			);
			buildRules = (
			);
			dependencies = (
			);
			name = appDrinks;
			productName = appDrinks;
			productReference = F2E574511A928AFE00D9F917 /* appDrinks.app */;
			productType = "com.apple.product-type.application";
		};
		F2E574691A928AFE00D9F917 /* appDrinksTests */ = {
			isa = PBXNativeTarget;
			buildConfigurationList = F2E574771A928AFE00D9F917 /* Build configuration list for PBXNativeTarget "appDrinksTests" */;
			buildPhases = (
				F2E574661A928AFE00D9F917 /* Sources */,
				F2E574671A928AFE00D9F917 /* Frameworks */,
				F2E574681A928AFE00D9F917 /* Resources */,
			);
			buildRules = (
			);
			dependencies = (
				F2E5746C1A928AFE00D9F917 /* PBXTargetDependency */,
			);
			name = appDrinksTests;
			productName = appDrinksTests;
			productReference = F2E5746A1A928AFE00D9F917 /* appDrinksTests.xctest */;
			productType = "com.apple.product-type.bundle.unit-test";
		};
/* End PBXNativeTarget section */

/* Begin PBXProject section */
		F2E574491A928AFE00D9F917 /* Project object */ = {
			isa = PBXProject;
			attributes = {
				LastUpgradeCheck = 0610;
				ORGANIZATIONNAME = "Galileo Guzman";
				TargetAttributes = {
					F2E574501A928AFE00D9F917 = {
						CreatedOnToolsVersion = 6.1.1;
					};
					F2E574691A928AFE00D9F917 = {
						CreatedOnToolsVersion = 6.1.1;
						TestTargetID = F2E574501A928AFE00D9F917;
					};
				};
			};
			buildConfigurationList = F2E5744C1A928AFE00D9F917 /* Build configuration list for PBXProject "appDrinks" */;
			compatibilityVersion = "Xcode 3.2";
			developmentRegion = English;
			hasScannedForEncodings = 0;
			knownRegions = (
				en,
				Base,
			);
			mainGroup = F2E574481A928AFE00D9F917;
			productRefGroup = F2E574521A928AFE00D9F917 /* Products */;
			projectDirPath = "";
			projectRoot = "";
			targets = (
				F2E574501A928AFE00D9F917 /* appDrinks */,
				F2E574691A928AFE00D9F917 /* appDrinksTests */,
			);
		};
/* End PBXProject section */

/* Begin PBXResourcesBuildPhase section */
		F2E5744F1A928AFE00D9F917 /* Resources */ = {
			isa = PBXResourcesBuildPhase;
			buildActionMask = 2147483647;
			files = (
				F2E574601A928AFE00D9F917 /* Main.storyboard in Resources */,
				F2E574871A92AD5F00D9F917 /* profile.png in Resources */,
				F2E574651A928AFE00D9F917 /* LaunchScreen.xib in Resources */,
				F2E574621A928AFE00D9F917 /* Images.xcassets in Resources */,
				F2E574851A92AD5F00D9F917 /* list.png in Resources */,
				F2E574861A92AD5F00D9F917 /* map.png in Resources */,
			);
			runOnlyForDeploymentPostprocessing = 0;
		};
		F2E574681A928AFE00D9F917 /* Resources */ = {
			isa = PBXResourcesBuildPhase;
			buildActionMask = 2147483647;
			files = (
			);
			runOnlyForDeploymentPostprocessing = 0;
		};
/* End PBXResourcesBuildPhase section */

/* Begin PBXSourcesBuildPhase section */
		F2E5744D1A928AFE00D9F917 /* Sources */ = {
			isa = PBXSourcesBuildPhase;
			buildActionMask = 2147483647;
			files = (
				F2E5745D1A928AFE00D9F917 /* Home.m in Sources */,
				F2E5745A1A928AFE00D9F917 /* AppDelegate.m in Sources */,
				F2E574571A928AFE00D9F917 /* main.m in Sources */,
				F263DECE1A947EF100C7E3C9 /* Mapa.m in Sources */,
				F2EC77121A947D5600BE6545 /* MapViewController.m in Sources */,
				F2E5747D1A928B8F00D9F917 /* SWRevealViewController.m in Sources */,
				F2E574801A929C3300D9F917 /* MenuViewController.m in Sources */,
			);
			runOnlyForDeploymentPostprocessing = 0;
		};
		F2E574661A928AFE00D9F917 /* Sources */ = {
			isa = PBXSourcesBuildPhase;
			buildActionMask = 2147483647;
			files = (
				F2E574711A928AFE00D9F917 /* appDrinksTests.m in Sources */,
			);
			runOnlyForDeploymentPostprocessing = 0;
		};
/* End PBXSourcesBuildPhase section */

/* Begin PBXTargetDependency section */
		F2E5746C1A928AFE00D9F917 /* PBXTargetDependency */ = {
			isa = PBXTargetDependency;
			target = F2E574501A928AFE00D9F917 /* appDrinks */;
			targetProxy = F2E5746B1A928AFE00D9F917 /* PBXContainerItemProxy */;
		};
/* End PBXTargetDependency section */

/* Begin PBXVariantGroup section */
		F2E5745E1A928AFE00D9F917 /* Main.storyboard */ = {
			isa = PBXVariantGroup;
			children = (
				F2E5745F1A928AFE00D9F917 /* Base */,
			);
			name = Main.storyboard;
			sourceTree = "<group>";
		};
		F2E574631A928AFE00D9F917 /* LaunchScreen.xib */ = {
			isa = PBXVariantGroup;
			children = (
				F2E574641A928AFE00D9F917 /* Base */,
			);
			name = LaunchScreen.xib;
			sourceTree = "<group>";
		};
/* End PBXVariantGroup section */

/* Begin XCBuildConfiguration section */
		F2E574721A928AFE00D9F917 /* Debug */ = {
			isa = XCBuildConfiguration;
			buildSettings = {
				ALWAYS_SEARCH_USER_PATHS = NO;
				CLANG_CXX_LANGUAGE_STANDARD = "gnu++0x";
				CLANG_CXX_LIBRARY = "libc++";
				CLANG_ENABLE_MODULES = YES;
				CLANG_ENABLE_OBJC_ARC = YES;
				CLANG_WARN_BOOL_CONVERSION = YES;
				CLANG_WARN_CONSTANT_CONVERSION = YES;
				CLANG_WARN_DIRECT_OBJC_ISA_USAGE = YES_ERROR;
				CLANG_WARN_EMPTY_BODY = YES;
				CLANG_WARN_ENUM_CONVERSION = YES;
				CLANG_WARN_INT_CONVERSION = YES;
				CLANG_WARN_OBJC_ROOT_CLASS = YES_ERROR;
				CLANG_WARN_UNREACHABLE_CODE = YES;
				CLANG_WARN__DUPLICATE_METHOD_MATCH = YES;
				"CODE_SIGN_IDENTITY[sdk=iphoneos*]" = "iPhone Developer";
				COPY_PHASE_STRIP = NO;
				ENABLE_STRICT_OBJC_MSGSEND = YES;
				GCC_C_LANGUAGE_STANDARD = gnu99;
				GCC_DYNAMIC_NO_PIC = NO;
				GCC_OPTIMIZATION_LEVEL = 0;
				GCC_PREPROCESSOR_DEFINITIONS = (
					"DEBUG=1",
					"$(inherited)",
				);
				GCC_SYMBOLS_PRIVATE_EXTERN = NO;
				GCC_WARN_64_TO_32_BIT_CONVERSION = YES;
				GCC_WARN_ABOUT_RETURN_TYPE = YES_ERROR;
				GCC_WARN_UNDECLARED_SELECTOR = YES;
				GCC_WARN_UNINITIALIZED_AUTOS = YES_AGGRESSIVE;
				GCC_WARN_UNUSED_FUNCTION = YES;
				GCC_WARN_UNUSED_VARIABLE = YES;
				IPHONEOS_DEPLOYMENT_TARGET = 8.1;
				MTL_ENABLE_DEBUG_INFO = YES;
				ONLY_ACTIVE_ARCH = YES;
				SDKROOT = iphoneos;
			};
			name = Debug;
		};
		F2E574731A928AFE00D9F917 /* Release */ = {
			isa = XCBuildConfiguration;
			buildSettings = {
				ALWAYS_SEARCH_USER_PATHS = NO;
				CLANG_CXX_LANGUAGE_STANDARD = "gnu++0x";
				CLANG_CXX_LIBRARY = "libc++";
				CLANG_ENABLE_MODULES = YES;
				CLANG_ENABLE_OBJC_ARC = YES;
				CLANG_WARN_BOOL_CONVERSION = YES;
				CLANG_WARN_CONSTANT_CONVERSION = YES;
				CLANG_WARN_DIRECT_OBJC_ISA_USAGE = YES_ERROR;
				CLANG_WARN_EMPTY_BODY = YES;
				CLANG_WARN_ENUM_CONVERSION = YES;
				CLANG_WARN_INT_CONVERSION = YES;
				CLANG_WARN_OBJC_ROOT_CLASS = YES_ERROR;
				CLANG_WARN_UNREACHABLE_CODE = YES;
				CLANG_WARN__DUPLICATE_METHOD_MATCH = YES;
				"CODE_SIGN_IDENTITY[sdk=iphoneos*]" = "iPhone Developer";
				COPY_PHASE_STRIP = YES;
				ENABLE_NS_ASSERTIONS = NO;
				ENABLE_STRICT_OBJC_MSGSEND = YES;
				GCC_C_LANGUAGE_STANDARD = gnu99;
				GCC_WARN_64_TO_32_BIT_CONVERSION = YES;
				GCC_WARN_ABOUT_RETURN_TYPE = YES_ERROR;
				GCC_WARN_UNDECLARED_SELECTOR = YES;
				GCC_WARN_UNINITIALIZED_AUTOS = YES_AGGRESSIVE;
				GCC_WARN_UNUSED_FUNCTION = YES;
				GCC_WARN_UNUSED_VARIABLE = YES;
				IPHONEOS_DEPLOYMENT_TARGET = 8.1;
				MTL_ENABLE_DEBUG_INFO = NO;
				SDKROOT = iphoneos;
				VALIDATE_PRODUCT = YES;
			};
			name = Release;
		};
		F2E574751A928AFE00D9F917 /* Debug */ = {
			isa = XCBuildConfiguration;
			buildSettings = {
				ASSETCATALOG_COMPILER_APPICON_NAME = AppIcon;
				FRAMEWORK_SEARCH_PATHS = (
					"$(inherited)",
					"$(PROJECT_DIR)/appDrinks/ParseFramework",
				);
				INFOPLIST_FILE = appDrinks/Info.plist;
				LD_RUNPATH_SEARCH_PATHS = "$(inherited) @executable_path/Frameworks";
				PRODUCT_NAME = "$(TARGET_NAME)";
			};
			name = Debug;
		};
		F2E574761A928AFE00D9F917 /* Release */ = {
			isa = XCBuildConfiguration;
			buildSettings = {
				ASSETCATALOG_COMPILER_APPICON_NAME = AppIcon;
				FRAMEWORK_SEARCH_PATHS = (
					"$(inherited)",
					"$(PROJECT_DIR)/appDrinks/ParseFramework",
				);
				INFOPLIST_FILE = appDrinks/Info.plist;
				LD_RUNPATH_SEARCH_PATHS = "$(inherited) @executable_path/Frameworks";
				PRODUCT_NAME = "$(TARGET_NAME)";
			};
			name = Release;
		};
		F2E574781A928AFE00D9F917 /* Debug */ = {
			isa = XCBuildConfiguration;
			buildSettings = {
				BUNDLE_LOADER = "$(TEST_HOST)";
				FRAMEWORK_SEARCH_PATHS = (
					"$(SDKROOT)/Developer/Library/Frameworks",
					"$(inherited)",
				);
				GCC_PREPROCESSOR_DEFINITIONS = (
					"DEBUG=1",
					"$(inherited)",
				);
				INFOPLIST_FILE = appDrinksTests/Info.plist;
				LD_RUNPATH_SEARCH_PATHS = "$(inherited) @executable_path/Frameworks @loader_path/Frameworks";
				PRODUCT_NAME = "$(TARGET_NAME)";
				TEST_HOST = "$(BUILT_PRODUCTS_DIR)/appDrinks.app/appDrinks";
			};
			name = Debug;
		};
		F2E574791A928AFE00D9F917 /* Release */ = {
			isa = XCBuildConfiguration;
			buildSettings = {
				BUNDLE_LOADER = "$(TEST_HOST)";
				FRAMEWORK_SEARCH_PATHS = (
					"$(SDKROOT)/Developer/Library/Frameworks",
					"$(inherited)",
				);
				INFOPLIST_FILE = appDrinksTests/Info.plist;
				LD_RUNPATH_SEARCH_PATHS = "$(inherited) @executable_path/Frameworks @loader_path/Frameworks";
				PRODUCT_NAME = "$(TARGET_NAME)";
				TEST_HOST = "$(BUILT_PRODUCTS_DIR)/appDrinks.app/appDrinks";
			};
			name = Release;
		};
/* End XCBuildConfiguration section */

/* Begin XCConfigurationList section */
		F2E5744C1A928AFE00D9F917 /* Build configuration list for PBXProject "appDrinks" */ = {
			isa = XCConfigurationList;
			buildConfigurations = (
				F2E574721A928AFE00D9F917 /* Debug */,
				F2E574731A928AFE00D9F917 /* Release */,
			);
			defaultConfigurationIsVisible = 0;
			defaultConfigurationName = Release;
		};
		F2E574741A928AFE00D9F917 /* Build configuration list for PBXNativeTarget "appDrinks" */ = {
			isa = XCConfigurationList;
			buildConfigurations = (
				F2E574751A928AFE00D9F917 /* Debug */,
				F2E574761A928AFE00D9F917 /* Release */,
			);
			defaultConfigurationIsVisible = 0;
			defaultConfigurationName = Release;
		};
		F2E574771A928AFE00D9F917 /* Build configuration list for PBXNativeTarget "appDrinksTests" */ = {
			isa = XCConfigurationList;
			buildConfigurations = (
				F2E574781A928AFE00D9F917 /* Debug */,
				F2E574791A928AFE00D9F917 /* Release */,
			);
			defaultConfigurationIsVisible = 0;
			defaultConfigurationName = Release;
		};
/* End XCConfigurationList section */
	};
	rootObject = F2E574491A928AFE00D9F917 /* Project object */;
}
